
Microsoft Visual Studio Solution File, Format Version 12.00
# Visual Studio 15
VisualStudioVersion = 15.0.28307.902
MinimumVisualStudioVersion = 10.0.40219.1
Project("{FAE04EC0-301F-11D3-BF4B-00C04F79EFBC}") = "Team3.Android", "Team3\Team3.Android\Team3.Android.csproj", "{24CE3C36-16B9-426D-AA0C-5961ECF8D88C}"
EndProject
Project("{FAE04EC0-301F-11D3-BF4B-00C04F79EFBC}") = "Team3.iOS", "Team3\Team3.iOS\Team3.iOS.csproj", "{F9DB4296-DA81-4AC8-87A5-7CAEE0A73F46}"
EndProject
Project("{9A19103F-16F7-4668-BE54-9A1E7A4F7556}") = "Team3", "Team3\Team3\Team3.csproj", "{BBD280B4-9B45-4EC5-8C42-26100E89307F}"
EndProject
Project("{FAE04EC0-301F-11D3-BF4B-00C04F79EFBC}") = "UnitTestProject", "UnitTestProject\UnitTestProject.csproj", "{343DA20A-F73D-46A3-BCC7-6BE2E8DC17A5}"
EndProject
Global
	GlobalSection(SolutionConfigurationPlatforms) = preSolution
		Debug|Any CPU = Debug|Any CPU
		Debug|iPhone = Debug|iPhone
		Debug|iPhoneSimulator = Debug|iPhoneSimulator
		Release|Any CPU = Release|Any CPU
		Release|iPhone = Release|iPhone
		Release|iPhoneSimulator = Release|iPhoneSimulator
	EndGlobalSection
	GlobalSection(ProjectConfigurationPlatforms) = postSolution
		{24CE3C36-16B9-426D-AA0C-5961ECF8D88C}.Debug|Any CPU.ActiveCfg = Debug|Any CPU
		{24CE3C36-16B9-426D-AA0C-5961ECF8D88C}.Debug|Any CPU.Build.0 = Debug|Any CPU
		{24CE3C36-16B9-426D-AA0C-5961ECF8D88C}.Debug|Any CPU.Deploy.0 = Debug|Any CPU
		{24CE3C36-16B9-426D-AA0C-5961ECF8D88C}.Debug|iPhone.ActiveCfg = Debug|Any CPU
		{24CE3C36-16B9-426D-AA0C-5961ECF8D88C}.Debug|iPhone.Build.0 = Debug|Any CPU
		{24CE3C36-16B9-426D-AA0C-5961ECF8D88C}.Debug|iPhone.Deploy.0 = Debug|Any CPU
		{24CE3C36-16B9-426D-AA0C-5961ECF8D88C}.Debug|iPhoneSimulator.ActiveCfg = Debug|Any CPU
		{24CE3C36-16B9-426D-AA0C-5961ECF8D88C}.Debug|iPhoneSimulator.Build.0 = Debug|Any CPU
		{24CE3C36-16B9-426D-AA0C-5961ECF8D88C}.Debug|iPhoneSimulator.Deploy.0 = Debug|Any CPU
		{24CE3C36-16B9-426D-AA0C-5961ECF8D88C}.Release|Any CPU.ActiveCfg = Release|Any CPU
		{24CE3C36-16B9-426D-AA0C-5961ECF8D88C}.Release|Any CPU.Build.0 = Release|Any CPU
		{24CE3C36-16B9-426D-AA0C-5961ECF8D88C}.Release|Any CPU.Deploy.0 = Release|Any CPU
		{24CE3C36-16B9-426D-AA0C-5961ECF8D88C}.Release|iPhone.ActiveCfg = Release|Any CPU
		{24CE3C36-16B9-426D-AA0C-5961ECF8D88C}.Release|iPhone.Build.0 = Release|Any CPU
		{24CE3C36-16B9-426D-AA0C-5961ECF8D88C}.Release|iPhone.Deploy.0 = Release|Any CPU
		{24CE3C36-16B9-426D-AA0C-5961ECF8D88C}.Release|iPhoneSimulator.ActiveCfg = Release|Any CPU
		{24CE3C36-16B9-426D-AA0C-5961ECF8D88C}.Release|iPhoneSimulator.Build.0 = Release|Any CPU
		{24CE3C36-16B9-426D-AA0C-5961ECF8D88C}.Release|iPhoneSimulator.Deploy.0 = Release|Any CPU
		{F9DB4296-DA81-4AC8-87A5-7CAEE0A73F46}.Debug|Any CPU.ActiveCfg = Debug|iPhoneSimulator
		{F9DB4296-DA81-4AC8-87A5-7CAEE0A73F46}.Debug|Any CPU.Build.0 = Debug|iPhoneSimulator
		{F9DB4296-DA81-4AC8-87A5-7CAEE0A73F46}.Debug|Any CPU.Deploy.0 = Debug|iPhoneSimulator
		{F9DB4296-DA81-4AC8-87A5-7CAEE0A73F46}.Debug|iPhone.ActiveCfg = Debug|iPhone
		{F9DB4296-DA81-4AC8-87A5-7CAEE0A73F46}.Debug|iPhone.Build.0 = Debug|iPhone
		{F9DB4296-DA81-4AC8-87A5-7CAEE0A73F46}.Debug|iPhone.Deploy.0 = Debug|iPhone
		{F9DB4296-DA81-4AC8-87A5-7CAEE0A73F46}.Debug|iPhoneSimulator.ActiveCfg = Debug|iPhoneSimulator
		{F9DB4296-DA81-4AC8-87A5-7CAEE0A73F46}.Debug|iPhoneSimulator.Build.0 = Debug|iPhoneSimulator
		{F9DB4296-DA81-4AC8-87A5-7CAEE0A73F46}.Debug|iPhoneSimulator.Deploy.0 = Debug|iPhoneSimulator
		{F9DB4296-DA81-4AC8-87A5-7CAEE0A73F46}.Release|Any CPU.ActiveCfg = Release|iPhone
		{F9DB4296-DA81-4AC8-87A5-7CAEE0A73F46}.Release|Any CPU.Build.0 = Release|iPhone
		{F9DB4296-DA81-4AC8-87A5-7CAEE0A73F46}.Release|Any CPU.Deploy.0 = Release|iPhone
		{F9DB4296-DA81-4AC8-87A5-7CAEE0A73F46}.Release|iPhone.ActiveCfg = Release|iPhone
		{F9DB4296-DA81-4AC8-87A5-7CAEE0A73F46}.Release|iPhone.Build.0 = Release|iPhone
		{F9DB4296-DA81-4AC8-87A5-7CAEE0A73F46}.Release|iPhone.Deploy.0 = Release|iPhone
		{F9DB4296-DA81-4AC8-87A5-7CAEE0A73F46}.Release|iPhoneSimulator.ActiveCfg = Release|iPhoneSimulator
		{F9DB4296-DA81-4AC8-87A5-7CAEE0A73F46}.Release|iPhoneSimulator.Build.0 = Release|iPhoneSimulator
		{F9DB4296-DA81-4AC8-87A5-7CAEE0A73F46}.Release|iPhoneSimulator.Deploy.0 = Release|iPhoneSimulator
		{BBD280B4-9B45-4EC5-8C42-26100E89307F}.Debug|Any CPU.ActiveCfg = Debug|Any CPU
		{BBD280B4-9B45-4EC5-8C42-26100E89307F}.Debug|Any CPU.Build.0 = Debug|Any CPU
		{BBD280B4-9B45-4EC5-8C42-26100E89307F}.Debug|Any CPU.Deploy.0 = Debug|Any CPU
		{BBD280B4-9B45-4EC5-8C42-26100E89307F}.Debug|iPhone.ActiveCfg = Debug|Any CPU
		{BBD280B4-9B45-4EC5-8C42-26100E89307F}.Debug|iPhone.Build.0 = Debug|Any CPU
		{BBD280B4-9B45-4EC5-8C42-26100E89307F}.Debug|iPhone.Deploy.0 = Debug|Any CPU
		{BBD280B4-9B45-4EC5-8C42-26100E89307F}.Debug|iPhoneSimulator.ActiveCfg = Debug|Any CPU
		{BBD280B4-9B45-4EC5-8C42-26100E89307F}.Debug|iPhoneSimulator.Build.0 = Debug|Any CPU
		{BBD280B4-9B45-4EC5-8C42-26100E89307F}.Debug|iPhoneSimulator.Deploy.0 = Debug|Any CPU
		{BBD280B4-9B45-4EC5-8C42-26100E89307F}.Release|Any CPU.ActiveCfg = Release|Any CPU
		{BBD280B4-9B45-4EC5-8C42-26100E89307F}.Release|Any CPU.Build.0 = Release|Any CPU
		{BBD280B4-9B45-4EC5-8C42-26100E89307F}.Release|Any CPU.Deploy.0 = Release|Any CPU
		{BBD280B4-9B45-4EC5-8C42-26100E89307F}.Release|iPhone.ActiveCfg = Release|Any CPU
		{BBD280B4-9B45-4EC5-8C42-26100E89307F}.Release|iPhone.Build.0 = Release|Any CPU
		{BBD280B4-9B45-4EC5-8C42-26100E89307F}.Release|iPhone.Deploy.0 = Release|Any CPU
		{BBD280B4-9B45-4EC5-8C42-26100E89307F}.Release|iPhoneSimulator.ActiveCfg = Release|Any CPU
		{BBD280B4-9B45-4EC5-8C42-26100E89307F}.Release|iPhoneSimulator.Build.0 = Release|Any CPU
		{BBD280B4-9B45-4EC5-8C42-26100E89307F}.Release|iPhoneSimulator.Deploy.0 = Release|Any CPU
		{343DA20A-F73D-46A3-BCC7-6BE2E8DC17A5}.Debug|Any CPU.ActiveCfg = Debug|Any CPU
		{343DA20A-F73D-46A3-BCC7-6BE2E8DC17A5}.Debug|Any CPU.Build.0 = Debug|Any CPU
		{343DA20A-F73D-46A3-BCC7-6BE2E8DC17A5}.Debug|iPhone.ActiveCfg = Debug|Any CPU
		{343DA20A-F73D-46A3-BCC7-6BE2E8DC17A5}.Debug|iPhone.Build.0 = Debug|Any CPU
		{343DA20A-F73D-46A3-BCC7-6BE2E8DC17A5}.Debug|iPhoneSimulator.ActiveCfg = Debug|Any CPU
		{343DA20A-F73D-46A3-BCC7-6BE2E8DC17A5}.Debug|iPhoneSimulator.Build.0 = Debug|Any CPU
		{343DA20A-F73D-46A3-BCC7-6BE2E8DC17A5}.Release|Any CPU.ActiveCfg = Release|Any CPU
		{343DA20A-F73D-46A3-BCC7-6BE2E8DC17A5}.Release|Any CPU.Build.0 = Release|Any CPU
		{343DA20A-F73D-46A3-BCC7-6BE2E8DC17A5}.Release|iPhone.ActiveCfg = Release|Any CPU
		{343DA20A-F73D-46A3-BCC7-6BE2E8DC17A5}.Release|iPhone.Build.0 = Release|Any CPU
		{343DA20A-F73D-46A3-BCC7-6BE2E8DC17A5}.Release|iPhoneSimulator.ActiveCfg = Release|Any CPU
		{343DA20A-F73D-46A3-BCC7-6BE2E8DC17A5}.Release|iPhoneSimulator.Build.0 = Release|Any CPU
	EndGlobalSection
	GlobalSection(SolutionProperties) = preSolution
		HideSolutionNode = FALSE
	EndGlobalSection
	GlobalSection(ExtensibilityGlobals) = postSolution
		SolutionGuid = {4E395440-F821-47D0-8492-FBA4CD465630}
	EndGlobalSection
EndGlobal
